
Microsoft Visual Studio Solution File, Format Version 12.00
# Visual Studio Version 17
VisualStudioVersion = 17.13.35919.96 d17.13
MinimumVisualStudioVersion = 10.0.40219.1
Project("{FAE04EC0-301F-11D3-BF4B-00C04F79EFBC}") = "BorderlessGaming", "BorderlessGaming\BorderlessGaming.csproj", "{C3BB9AED-B93A-4D09-842D-5CBC8E00DD5E}"
EndProject
Project("{FAE04EC0-301F-11D3-BF4B-00C04F79EFBC}") = "BorderlessGaming.Logic", "BorderlessGaming.Logic\BorderlessGaming.Logic.csproj", "{F7F9E1A8-8227-4D34-8ED9-4C151C16CEAF}"
EndProject
Global
	GlobalSection(SolutionConfigurationPlatforms) = preSolution
		Debug|Any CPU = Debug|Any CPU
		Release|Any CPU = Release|Any CPU
	EndGlobalSection
	GlobalSection(ProjectConfigurationPlatforms) = postSolution
		{C3BB9AED-B93A-4D09-842D-5CBC8E00DD5E}.Debug|Any CPU.ActiveCfg = Debug|Any CPU
		{C3BB9AED-B93A-4D09-842D-5CBC8E00DD5E}.Debug|Any CPU.Build.0 = Debug|Any CPU
		{C3BB9AED-B93A-4D09-842D-5CBC8E00DD5E}.Release|Any CPU.ActiveCfg = Release|Any CPU
		{C3BB9AED-B93A-4D09-842D-5CBC8E00DD5E}.Release|Any CPU.Build.0 = Release|Any CPU
		{F7F9E1A8-8227-4D34-8ED9-4C151C16CEAF}.Debug|Any CPU.ActiveCfg = Debug|Any CPU
		{F7F9E1A8-8227-4D34-8ED9-4C151C16CEAF}.Debug|Any CPU.Build.0 = Debug|Any CPU
		{F7F9E1A8-8227-4D34-8ED9-4C151C16CEAF}.Release|Any CPU.ActiveCfg = Release|Any CPU
		{F7F9E1A8-8227-4D34-8ED9-4C151C16CEAF}.Release|Any CPU.Build.0 = Release|Any CPU
	EndGlobalSection
	GlobalSection(SolutionProperties) = preSolution
		HideSolutionNode = FALSE
	EndGlobalSection
	GlobalSection(ExtensibilityGlobals) = postSolution
		SolutionGuid = {8BF53BC5-66C2-4CEE-9CAA-59241411F910}
	EndGlobalSection
EndGlobal
